{
  "name": "pokeca",
  "lockfileVersion": 2,
  "requires": true,
  "packages": {
    "": {
      "dependencies": {
        "@pkmn/sim": "^0.5.21",
        "@tsconfig/node12": "^1.0.11",
        "js-combinatorics": "^2.1.1",
        "typescript": "^4.7.4",
        "workerpool": "^6.2.1"
      },
      "devDependencies": {
        "@tsconfig/node18": "^1.0.1",
        "@types/node": "^18.0.3"
      }
    },
    "node_modules/@pkmn/sets": {
      "version": "3.0.0",
      "resolved": "https://registry.npmjs.org/@pkmn/sets/-/sets-3.0.0.tgz",
      "integrity": "sha512-H77oHgflHMTuuiEyCdygkfDv02LB4NfKsDWoXjmlUa64o2C9CdC8eAb3RTXr5dzUFSUuPYct31ENvZDJYeoehA==",
      "dependencies": {
        "@pkmn/types": "^2.0.0"
      }
    },
    "node_modules/@pkmn/sim": {
      "version": "0.5.21",
      "resolved": "https://registry.npmjs.org/@pkmn/sim/-/sim-0.5.21.tgz",
      "integrity": "sha512-u7NA3rrfco9rM7yTm1o36CUQKxH4wSnjoUkhnPYRgzVZ0OrXmeRizoNFnhAyBScedMXTJEkOQf8GRhMD1g2X6Q==",
      "dependencies": {
        "@pkmn/sets": "^3.0.0",
        "@pkmn/streams": "^1.0.0"
      }
    },
    "node_modules/@pkmn/streams": {
      "version": "1.0.0",
      "resolved": "https://registry.npmjs.org/@pkmn/streams/-/streams-1.0.0.tgz",
      "integrity": "sha512-BtGUlaaKdC+4epkc8Bg8k9tEwZYNZP8tx2jtCqqhLMhri/BtmUe2OdSZRAKbwKfWWN/CwtqyEUjdNsjwwSld/g=="
    },
    "node_modules/@pkmn/types": {
      "version": "2.0.0",
      "resolved": "https://registry.npmjs.org/@pkmn/types/-/types-2.0.0.tgz",
      "integrity": "sha512-4Yoen3lNQDjiPALK+NP4AL7N2Mbbrw31LD2a/onSoPeq9S8zeW5Ove6HsBSgZyjkNQwCwVPHbqcIwoli7DjfyQ=="
    },
    "node_modules/@tsconfig/node12": {
      "version": "1.0.11",
      "resolved": "https://registry.npmjs.org/@tsconfig/node12/-/node12-1.0.11.tgz",
      "integrity": "sha512-cqefuRsh12pWyGsIoBKJA9luFu3mRxCA+ORZvA4ktLSzIuCUtWVxGIuXigEwO5/ywWFMZ2QEGKWvkZG1zDMTag=="
    },
    "node_modules/@tsconfig/node18": {
      "version": "1.0.1",
      "resolved": "https://registry.npmjs.org/@tsconfig/node18/-/node18-1.0.1.tgz",
      "integrity": "sha512-sNFeK6X2ATlhlvzyH4kKYQlfHXE2f2/wxtB9ClvYXevWpmwkUT7VaSrjIN9E76Qebz8qP5JOJJ9jD3QoD/Z9TA==",
      "dev": true
    },
    "node_modules/@types/node": {
      "version": "18.0.3",
      "resolved": "https://registry.npmjs.org/@types/node/-/node-18.0.3.tgz",
      "integrity": "sha512-HzNRZtp4eepNitP+BD6k2L6DROIDG4Q0fm4x+dwfsr6LGmROENnok75VGw40628xf+iR24WeMFcHuuBDUAzzsQ==",
      "dev": true
    },
    "node_modules/js-combinatorics": {
      "version": "2.1.1",
      "resolved": "https://registry.npmjs.org/js-combinatorics/-/js-combinatorics-2.1.1.tgz",
      "integrity": "sha512-jKLV+oIyz0TCr7GBhyuOwngntu1rCxSO+lbVTS232HYowA13CTk0RSmPq6nuXGLFaq2ZWLDQqEwJ6LCDnYR0+A=="
    },
    "node_modules/typescript": {
      "version": "4.7.4",
      "resolved": "https://registry.npmjs.org/typescript/-/typescript-4.7.4.tgz",
      "integrity": "sha512-C0WQT0gezHuw6AdY1M2jxUO83Rjf0HP7Sk1DtXj6j1EwkQNZrHAg2XPWlq62oqEhYvONq5pkC2Y9oPljWToLmQ==",
      "bin": {
        "tsc": "bin/tsc",
        "tsserver": "bin/tsserver"
      },
      "engines": {
        "node": ">=4.2.0"
      }
    },
    "node_modules/workerpool": {
      "version": "6.2.1",
      "resolved": "https://registry.npmjs.org/workerpool/-/workerpool-6.2.1.tgz",
      "integrity": "sha512-ILEIE97kDZvF9Wb9f6h5aXK4swSlKGUcOEGiIYb2OOu/IrDU9iwj0fD//SsA6E5ibwJxpEvhullJY4Sl4GcpAw=="
    }
  },
  "dependencies": {
    "@pkmn/sets": {
      "version": "3.0.0",
      "resolved": "https://registry.npmjs.org/@pkmn/sets/-/sets-3.0.0.tgz",
      "integrity": "sha512-H77oHgflHMTuuiEyCdygkfDv02LB4NfKsDWoXjmlUa64o2C9CdC8eAb3RTXr5dzUFSUuPYct31ENvZDJYeoehA==",
      "requires": {
        "@pkmn/types": "^2.0.0"
      }
    },
    "@pkmn/sim": {
      "version": "0.5.21",
      "resolved": "https://registry.npmjs.org/@pkmn/sim/-/sim-0.5.21.tgz",
      "integrity": "sha512-u7NA3rrfco9rM7yTm1o36CUQKxH4wSnjoUkhnPYRgzVZ0OrXmeRizoNFnhAyBScedMXTJEkOQf8GRhMD1g2X6Q==",
      "requires": {
        "@pkmn/sets": "^3.0.0",
        "@pkmn/streams": "^1.0.0"
      }
    },
    "@pkmn/streams": {
      "version": "1.0.0",
      "resolved": "https://registry.npmjs.org/@pkmn/streams/-/streams-1.0.0.tgz",
      "integrity": "sha512-BtGUlaaKdC+4epkc8Bg8k9tEwZYNZP8tx2jtCqqhLMhri/BtmUe2OdSZRAKbwKfWWN/CwtqyEUjdNsjwwSld/g=="
    },
    "@pkmn/types": {
      "version": "2.0.0",
      "resolved": "https://registry.npmjs.org/@pkmn/types/-/types-2.0.0.tgz",
      "integrity": "sha512-4Yoen3lNQDjiPALK+NP4AL7N2Mbbrw31LD2a/onSoPeq9S8zeW5Ove6HsBSgZyjkNQwCwVPHbqcIwoli7DjfyQ=="
    },
    "@tsconfig/node12": {
      "version": "1.0.11",
      "resolved": "https://registry.npmjs.org/@tsconfig/node12/-/node12-1.0.11.tgz",
      "integrity": "sha512-cqefuRsh12pWyGsIoBKJA9luFu3mRxCA+ORZvA4ktLSzIuCUtWVxGIuXigEwO5/ywWFMZ2QEGKWvkZG1zDMTag=="
    },
    "@tsconfig/node18": {
      "version": "1.0.1",
      "resolved": "https://registry.npmjs.org/@tsconfig/node18/-/node18-1.0.1.tgz",
      "integrity": "sha512-sNFeK6X2ATlhlvzyH4kKYQlfHXE2f2/wxtB9ClvYXevWpmwkUT7VaSrjIN9E76Qebz8qP5JOJJ9jD3QoD/Z9TA==",
      "dev": true
    },
    "@types/node": {
      "version": "18.0.3",
      "resolved": "https://registry.npmjs.org/@types/node/-/node-18.0.3.tgz",
      "integrity": "sha512-HzNRZtp4eepNitP+BD6k2L6DROIDG4Q0fm4x+dwfsr6LGmROENnok75VGw40628xf+iR24WeMFcHuuBDUAzzsQ==",
      "dev": true
    },
    "js-combinatorics": {
      "version": "2.1.1",
      "resolved": "https://registry.npmjs.org/js-combinatorics/-/js-combinatorics-2.1.1.tgz",
      "integrity": "sha512-jKLV+oIyz0TCr7GBhyuOwngntu1rCxSO+lbVTS232HYowA13CTk0RSmPq6nuXGLFaq2ZWLDQqEwJ6LCDnYR0+A=="
    },
    "typescript": {
      "version": "4.7.4",
      "resolved": "https://registry.npmjs.org/typescript/-/typescript-4.7.4.tgz",
      "integrity": "sha512-C0WQT0gezHuw6AdY1M2jxUO83Rjf0HP7Sk1DtXj6j1EwkQNZrHAg2XPWlq62oqEhYvONq5pkC2Y9oPljWToLmQ=="
    },
    "workerpool": {
      "version": "6.2.1",
      "resolved": "https://registry.npmjs.org/workerpool/-/workerpool-6.2.1.tgz",
      "integrity": "sha512-ILEIE97kDZvF9Wb9f6h5aXK4swSlKGUcOEGiIYb2OOu/IrDU9iwj0fD//SsA6E5ibwJxpEvhullJY4Sl4GcpAw=="
    }
  }
}
